
Microsoft Visual Studio Solution File, Format Version 12.00
# Visual Studio Version 16
VisualStudioVersion = 16.0.31702.278
MinimumVisualStudioVersion = 10.0.40219.1
Project("{FAE04EC0-301F-11D3-BF4B-00C04F79EFBC}") = "quest1_1", "quest1_1.csproj", "{F6D6AF92-AE1B-4983-8FEE-D56EAB2CA75B}"
EndProject
Global
	GlobalSection(SolutionConfigurationPlatforms) = preSolution
		Debug|Any CPU = Debug|Any CPU
		Release|Any CPU = Release|Any CPU
	EndGlobalSection
	GlobalSection(ProjectConfigurationPlatforms) = postSolution
		{F6D6AF92-AE1B-4983-8FEE-D56EAB2CA75B}.Debug|Any CPU.ActiveCfg = Debug|Any CPU
		{F6D6AF92-AE1B-4983-8FEE-D56EAB2CA75B}.Debug|Any CPU.Build.0 = Debug|Any CPU
		{F6D6AF92-AE1B-4983-8FEE-D56EAB2CA75B}.Release|Any CPU.ActiveCfg = Release|Any CPU
		{F6D6AF92-AE1B-4983-8FEE-D56EAB2CA75B}.Release|Any CPU.Build.0 = Release|Any CPU
	EndGlobalSection
	GlobalSection(SolutionProperties) = preSolution
		HideSolutionNode = FALSE
	EndGlobalSection
	GlobalSection(ExtensibilityGlobals) = postSolution
		SolutionGuid = {4FA37F22-4707-451B-8CE1-0B666E95C653}
	EndGlobalSection
EndGlobal
