
Microsoft Visual Studio Solution File, Format Version 12.00
# Visual Studio Version 16
VisualStudioVersion = 16.0.31702.278
MinimumVisualStudioVersion = 10.0.40219.1
Project("{FAE04EC0-301F-11D3-BF4B-00C04F79EFBC}") = "quest1_3r", "quest1_3r.csproj", "{C536FDBF-BAA7-45D6-BFB4-A29A4041A47E}"
EndProject
Global
	GlobalSection(SolutionConfigurationPlatforms) = preSolution
		Debug|Any CPU = Debug|Any CPU
		Release|Any CPU = Release|Any CPU
	EndGlobalSection
	GlobalSection(ProjectConfigurationPlatforms) = postSolution
		{C536FDBF-BAA7-45D6-BFB4-A29A4041A47E}.Debug|Any CPU.ActiveCfg = Debug|Any CPU
		{C536FDBF-BAA7-45D6-BFB4-A29A4041A47E}.Debug|Any CPU.Build.0 = Debug|Any CPU
		{C536FDBF-BAA7-45D6-BFB4-A29A4041A47E}.Release|Any CPU.ActiveCfg = Release|Any CPU
		{C536FDBF-BAA7-45D6-BFB4-A29A4041A47E}.Release|Any CPU.Build.0 = Release|Any CPU
	EndGlobalSection
	GlobalSection(SolutionProperties) = preSolution
		HideSolutionNode = FALSE
	EndGlobalSection
	GlobalSection(ExtensibilityGlobals) = postSolution
		SolutionGuid = {A5F9DC13-DFFC-4824-98C1-146E193F2105}
	EndGlobalSection
EndGlobal
