
Microsoft Visual Studio Solution File, Format Version 12.00
# Visual Studio Version 16
VisualStudioVersion = 16.0.31702.278
MinimumVisualStudioVersion = 10.0.40219.1
Project("{FAE04EC0-301F-11D3-BF4B-00C04F79EFBC}") = "quest1_2", "quest1_2.csproj", "{550CCD91-2E2D-423E-91E6-BA5084FC41AE}"
EndProject
Global
	GlobalSection(SolutionConfigurationPlatforms) = preSolution
		Debug|Any CPU = Debug|Any CPU
		Release|Any CPU = Release|Any CPU
	EndGlobalSection
	GlobalSection(ProjectConfigurationPlatforms) = postSolution
		{550CCD91-2E2D-423E-91E6-BA5084FC41AE}.Debug|Any CPU.ActiveCfg = Debug|Any CPU
		{550CCD91-2E2D-423E-91E6-BA5084FC41AE}.Debug|Any CPU.Build.0 = Debug|Any CPU
		{550CCD91-2E2D-423E-91E6-BA5084FC41AE}.Release|Any CPU.ActiveCfg = Release|Any CPU
		{550CCD91-2E2D-423E-91E6-BA5084FC41AE}.Release|Any CPU.Build.0 = Release|Any CPU
	EndGlobalSection
	GlobalSection(SolutionProperties) = preSolution
		HideSolutionNode = FALSE
	EndGlobalSection
	GlobalSection(ExtensibilityGlobals) = postSolution
		SolutionGuid = {1E54AABE-7026-4C8C-A539-7CE721E8FF3F}
	EndGlobalSection
EndGlobal
